// !$*UTF8*$!
{
	archiveVersion = 1;
	classes = {
	};
	objectVersion = 46;
	objects = {

/* Begin PBXBuildFile section */
		000855101AB6961600E0C566 /* ServiceCallAPI.m in Sources */ = {isa = PBXBuildFile; fileRef = 0008550F1AB6961600E0C566 /* ServiceCallAPI.m */; };
		0008553A1AB6BBA600E0C566 /* AFHTTPRequestOperation.m in Sources */ = {isa = PBXBuildFile; fileRef = 000855161AB6BBA600E0C566 /* AFHTTPRequestOperation.m */; };
		0008553B1AB6BBA600E0C566 /* AFHTTPRequestOperationManager.m in Sources */ = {isa = PBXBuildFile; fileRef = 000855181AB6BBA600E0C566 /* AFHTTPRequestOperationManager.m */; };
		0008553C1AB6BBA600E0C566 /* AFHTTPSessionManager.m in Sources */ = {isa = PBXBuildFile; fileRef = 0008551A1AB6BBA600E0C566 /* AFHTTPSessionManager.m */; };
		0008553D1AB6BBA600E0C566 /* AFNetworkReachabilityManager.m in Sources */ = {isa = PBXBuildFile; fileRef = 0008551D1AB6BBA600E0C566 /* AFNetworkReachabilityManager.m */; };
		0008553E1AB6BBA600E0C566 /* AFSecurityPolicy.m in Sources */ = {isa = PBXBuildFile; fileRef = 0008551F1AB6BBA600E0C566 /* AFSecurityPolicy.m */; };
		0008553F1AB6BBA600E0C566 /* AFURLConnectionOperation.m in Sources */ = {isa = PBXBuildFile; fileRef = 000855211AB6BBA600E0C566 /* AFURLConnectionOperation.m */; };
		000855401AB6BBA600E0C566 /* AFURLRequestSerialization.m in Sources */ = {isa = PBXBuildFile; fileRef = 000855231AB6BBA600E0C566 /* AFURLRequestSerialization.m */; };
		000855411AB6BBA600E0C566 /* AFURLResponseSerialization.m in Sources */ = {isa = PBXBuildFile; fileRef = 000855251AB6BBA600E0C566 /* AFURLResponseSerialization.m */; };
		000855421AB6BBA600E0C566 /* AFURLSessionManager.m in Sources */ = {isa = PBXBuildFile; fileRef = 000855271AB6BBA600E0C566 /* AFURLSessionManager.m */; };
		000855431AB6BBA600E0C566 /* AFNetworkActivityIndicatorManager.m in Sources */ = {isa = PBXBuildFile; fileRef = 0008552A1AB6BBA600E0C566 /* AFNetworkActivityIndicatorManager.m */; };
		000855441AB6BBA600E0C566 /* UIActivityIndicatorView+AFNetworking.m in Sources */ = {isa = PBXBuildFile; fileRef = 0008552C1AB6BBA600E0C566 /* UIActivityIndicatorView+AFNetworking.m */; };
		000855451AB6BBA600E0C566 /* UIAlertView+AFNetworking.m in Sources */ = {isa = PBXBuildFile; fileRef = 0008552E1AB6BBA600E0C566 /* UIAlertView+AFNetworking.m */; };
		000855461AB6BBA600E0C566 /* UIButton+AFNetworking.m in Sources */ = {isa = PBXBuildFile; fileRef = 000855301AB6BBA600E0C566 /* UIButton+AFNetworking.m */; };
		000855471AB6BBA600E0C566 /* UIImageView+AFNetworking.m in Sources */ = {isa = PBXBuildFile; fileRef = 000855321AB6BBA600E0C566 /* UIImageView+AFNetworking.m */; };
		000855481AB6BBA600E0C566 /* UIProgressView+AFNetworking.m in Sources */ = {isa = PBXBuildFile; fileRef = 000855351AB6BBA600E0C566 /* UIProgressView+AFNetworking.m */; };
		000855491AB6BBA600E0C566 /* UIRefreshControl+AFNetworking.m in Sources */ = {isa = PBXBuildFile; fileRef = 000855371AB6BBA600E0C566 /* UIRefreshControl+AFNetworking.m */; };
		0008554A1AB6BBA600E0C566 /* UIWebView+AFNetworking.m in Sources */ = {isa = PBXBuildFile; fileRef = 000855391AB6BBA600E0C566 /* UIWebView+AFNetworking.m */; };
		000B839F1B13697100F4CE5D /* splash-bg.png in Resources */ = {isa = PBXBuildFile; fileRef = 000B839E1B13697100F4CE5D /* splash-bg.png */; };
		000B83A11B136A4000F4CE5D /* Logo.png in Resources */ = {isa = PBXBuildFile; fileRef = 000B83A01B136A4000F4CE5D /* Logo.png */; };
		000B83A41B13739800F4CE5D /* remember-me-active.png in Resources */ = {isa = PBXBuildFile; fileRef = 000B83A21B13739800F4CE5D /* remember-me-active.png */; };
		000B83A51B13739800F4CE5D /* remember-me-visible.png in Resources */ = {isa = PBXBuildFile; fileRef = 000B83A31B13739800F4CE5D /* remember-me-visible.png */; };
		00306C751AC17BBC00A7217F /* back.png in Resources */ = {isa = PBXBuildFile; fileRef = 00306C6B1AC17BBC00A7217F /* back.png */; };
		00306C761AC17BBC00A7217F /* login-btn.png in Resources */ = {isa = PBXBuildFile; fileRef = 00306C6C1AC17BBC00A7217F /* login-btn.png */; };
		00306C771AC17BBC00A7217F /* login-icon.png in Resources */ = {isa = PBXBuildFile; fileRef = 00306C6D1AC17BBC00A7217F /* login-icon.png */; };
		00306C781AC17BBC00A7217F /* Login.png in Resources */ = {isa = PBXBuildFile; fileRef = 00306C6E1AC17BBC00A7217F /* Login.png */; };
		00306C7C1AC17BBC00A7217F /* signup-btn.png in Resources */ = {isa = PBXBuildFile; fileRef = 00306C721AC17BBC00A7217F /* signup-btn.png */; };
		00306C7D1AC17BBC00A7217F /* signup-icon.png in Resources */ = {isa = PBXBuildFile; fileRef = 00306C731AC17BBC00A7217F /* signup-icon.png */; };
		00306C7E1AC17BBC00A7217F /* txt-field.png in Resources */ = {isa = PBXBuildFile; fileRef = 00306C741AC17BBC00A7217F /* txt-field.png */; };
		00306C821AC17BC800A7217F /* Signup.png in Resources */ = {isa = PBXBuildFile; fileRef = 00306C7F1AC17BC800A7217F /* Signup.png */; };
		00306C841AC17BC800A7217F /* Splash-screen.png in Resources */ = {isa = PBXBuildFile; fileRef = 00306C811AC17BC800A7217F /* Splash-screen.png */; };
		003C9B0B1B1AFF8500601065 /* inner-bg.png in Resources */ = {isa = PBXBuildFile; fileRef = 003C9B0A1B1AFF8500601065 /* inner-bg.png */; };
		003C9B0D1B1B004C00601065 /* coupon-bg.png in Resources */ = {isa = PBXBuildFile; fileRef = 003C9B0C1B1B004C00601065 /* coupon-bg.png */; };
		003C9B101B1B06B100601065 /* coupon-des-field.png in Resources */ = {isa = PBXBuildFile; fileRef = 003C9B0E1B1B06B100601065 /* coupon-des-field.png */; };
		003C9B111B1B06B100601065 /* coupon-field.png in Resources */ = {isa = PBXBuildFile; fileRef = 003C9B0F1B1B06B100601065 /* coupon-field.png */; };
		003C9B131B1B13B900601065 /* close.png in Resources */ = {isa = PBXBuildFile; fileRef = 003C9B121B1B13B900601065 /* close.png */; };
		003C9B151B1B13C600601065 /* headline-saperator.png in Resources */ = {isa = PBXBuildFile; fileRef = 003C9B141B1B13C600601065 /* headline-saperator.png */; };
		003C9B171B1B143300601065 /* list-saperator.png in Resources */ = {isa = PBXBuildFile; fileRef = 003C9B161B1B143300601065 /* list-saperator.png */; };
		004903D91ACFDED7003A3293 /* UserInfo.m in Sources */ = {isa = PBXBuildFile; fileRef = 004903D81ACFDED7003A3293 /* UserInfo.m */; };
		0069A2821AD2896000D7DD1A /* Raleway-Bold.ttf in Resources */ = {isa = PBXBuildFile; fileRef = 0069A27D1AD2896000D7DD1A /* Raleway-Bold.ttf */; };
		0069A2831AD2896000D7DD1A /* Raleway-ExtraBold.ttf in Resources */ = {isa = PBXBuildFile; fileRef = 0069A27E1AD2896000D7DD1A /* Raleway-ExtraBold.ttf */; };
		0069A2841AD2896000D7DD1A /* Raleway-ExtraLight.ttf in Resources */ = {isa = PBXBuildFile; fileRef = 0069A27F1AD2896000D7DD1A /* Raleway-ExtraLight.ttf */; };
		0069A2851AD2896000D7DD1A /* Raleway-Heavy.ttf in Resources */ = {isa = PBXBuildFile; fileRef = 0069A2801AD2896000D7DD1A /* Raleway-Heavy.ttf */; };
		0069A2861AD2896000D7DD1A /* Raleway-Thin.ttf in Resources */ = {isa = PBXBuildFile; fileRef = 0069A2811AD2896000D7DD1A /* Raleway-Thin.ttf */; };
		0076B6FC1AE4C5B700E8EE08 /* CreateCouponViewController.m in Sources */ = {isa = PBXBuildFile; fileRef = 0076B6FB1AE4C5B700E8EE08 /* CreateCouponViewController.m */; };
		007D52ED1ACD15170026E607 /* icon_120*120.png in Resources */ = {isa = PBXBuildFile; fileRef = 007D52EA1ACD15170026E607 /* icon_120*120.png */; };
		007D52EE1ACD15170026E607 /* icon_152*152.png in Resources */ = {isa = PBXBuildFile; fileRef = 007D52EB1ACD15170026E607 /* icon_152*152.png */; };
		007D52EF1ACD15170026E607 /* icon_180*180.png in Resources */ = {isa = PBXBuildFile; fileRef = 007D52EC1ACD15170026E607 /* icon_180*180.png */; };
		007D52F51ACD25EE0026E607 /* add.-beacon.png in Resources */ = {isa = PBXBuildFile; fileRef = 007D52F01ACD25EE0026E607 /* add.-beacon.png */; };
		007D52F61ACD25EE0026E607 /* beacon-config.png in Resources */ = {isa = PBXBuildFile; fileRef = 007D52F11ACD25EE0026E607 /* beacon-config.png */; };
		007D52F71ACD25EE0026E607 /* contact.png in Resources */ = {isa = PBXBuildFile; fileRef = 007D52F21ACD25EE0026E607 /* contact.png */; };
		007D52F81ACD25EE0026E607 /* create-coupon.png in Resources */ = {isa = PBXBuildFile; fileRef = 007D52F31ACD25EE0026E607 /* create-coupon.png */; };
		007D52F91ACD25EE0026E607 /* help-us.png in Resources */ = {isa = PBXBuildFile; fileRef = 007D52F41ACD25EE0026E607 /* help-us.png */; };
		008405431ACF824D00269E8F /* Title-background.png in Resources */ = {isa = PBXBuildFile; fileRef = 008405421ACF824D00269E8F /* Title-background.png */; };
		008EE12D1ACA7F04009DCAA8 /* UICustomActionSheet.m in Sources */ = {isa = PBXBuildFile; fileRef = 008EE12A1ACA7F04009DCAA8 /* UICustomActionSheet.m */; };
		008EE12E1ACA7F04009DCAA8 /* UIImageEffects.m in Sources */ = {isa = PBXBuildFile; fileRef = 008EE12C1ACA7F04009DCAA8 /* UIImageEffects.m */; };
		008EE1311ACAA935009DCAA8 /* MBProgressHUD.m in Sources */ = {isa = PBXBuildFile; fileRef = 008EE1301ACAA935009DCAA8 /* MBProgressHUD.m */; };
		009771CF1ACD15F0007DF037 /* RegisteredBeaconsListViewController.m in Sources */ = {isa = PBXBuildFile; fileRef = 009771CE1ACD15F0007DF037 /* RegisteredBeaconsListViewController.m */; };
		0099BD651AC2DB8300F82851 /* LoginViewController.m in Sources */ = {isa = PBXBuildFile; fileRef = 0099BD641AC2DB8300F82851 /* LoginViewController.m */; };
		00A90C1D1ACBB6DF00209F4F /* Splash-screen-bg.png in Resources */ = {isa = PBXBuildFile; fileRef = 00A90C1C1ACBB6DF00209F4F /* Splash-screen-bg.png */; };
		00A90C211ACBC32E00209F4F /* Launch Screen.xib in Resources */ = {isa = PBXBuildFile; fileRef = 00A90C201ACBC32E00209F4F /* Launch Screen.xib */; };
		00A9A8A81AC3E4C300D4A439 /* NearbyBeaconListViewController.m in Sources */ = {isa = PBXBuildFile; fileRef = 00A9A8A71AC3E4C300D4A439 /* NearbyBeaconListViewController.m */; };
		00A9A8B41AC40FFF00D4A439 /* BeaconManager.m in Sources */ = {isa = PBXBuildFile; fileRef = 00A9A8B21AC40FFF00D4A439 /* BeaconManager.m */; };
		00A9A8B81AC4103100D4A439 /* BeaconObj.m in Sources */ = {isa = PBXBuildFile; fileRef = 00A9A8B71AC4103100D4A439 /* BeaconObj.m */; };
		00A9A8BE1AC42F9D00D4A439 /* ConfigureBeaconViewController.m in Sources */ = {isa = PBXBuildFile; fileRef = 00A9A8BD1AC42F9D00D4A439 /* ConfigureBeaconViewController.m */; };
		00E14DAA1AC51F2C00153155 /* Raleway-Medium.ttf in Resources */ = {isa = PBXBuildFile; fileRef = 00E14DA81AC51F2C00153155 /* Raleway-Medium.ttf */; };
		00E14DAB1AC51F2C00153155 /* Raleway-Regular.ttf in Resources */ = {isa = PBXBuildFile; fileRef = 00E14DA91AC51F2C00153155 /* Raleway-Regular.ttf */; };
		00E14DAD1AC5327100153155 /* Raleway-SemiBold.ttf in Resources */ = {isa = PBXBuildFile; fileRef = 00E14DAC1AC5327100153155 /* Raleway-SemiBold.ttf */; };
		00E22EE41AD24EE200522A34 /* ForgotPasswordViewController.m in Sources */ = {isa = PBXBuildFile; fileRef = 00E22EE31AD24EE200522A34 /* ForgotPasswordViewController.m */; };
		00FC033E1AC5247D00DA9598 /* CoreBluetooth.framework in Frameworks */ = {isa = PBXBuildFile; fileRef = 00FC033D1AC5247D00DA9598 /* CoreBluetooth.framework */; };
		4F380D8D1ABDC7E400F5AF89 /* NormalUserViewController.m in Sources */ = {isa = PBXBuildFile; fileRef = 4F380D8C1ABDC7E400F5AF89 /* NormalUserViewController.m */; };
		4F7F01B61AB3E9B700019BF3 /* main.m in Sources */ = {isa = PBXBuildFile; fileRef = 4F7F01B51AB3E9B700019BF3 /* main.m */; };
		4F7F01B91AB3E9B700019BF3 /* AppDelegate.m in Sources */ = {isa = PBXBuildFile; fileRef = 4F7F01B81AB3E9B700019BF3 /* AppDelegate.m */; };
		4F7F01BC1AB3E9B700019BF3 /* ViewController.m in Sources */ = {isa = PBXBuildFile; fileRef = 4F7F01BB1AB3E9B700019BF3 /* ViewController.m */; };
		4F7F01BF1AB3E9B700019BF3 /* Main.storyboard in Resources */ = {isa = PBXBuildFile; fileRef = 4F7F01BD1AB3E9B700019BF3 /* Main.storyboard */; };
		4F7F01C11AB3E9B700019BF3 /* Images.xcassets in Resources */ = {isa = PBXBuildFile; fileRef = 4F7F01C01AB3E9B700019BF3 /* Images.xcassets */; };
		4F7F01D01AB3E9B700019BF3 /* BeaconingTests.m in Sources */ = {isa = PBXBuildFile; fileRef = 4F7F01CF1AB3E9B700019BF3 /* BeaconingTests.m */; };
		4F7F01DB1AB3F46500019BF3 /* RegisterUserViewController.m in Sources */ = {isa = PBXBuildFile; fileRef = 4F7F01DA1AB3F46500019BF3 /* RegisterUserViewController.m */; };
		4F7F01DE1AB3F95800019BF3 /* AdminDashboardViewController.m in Sources */ = {isa = PBXBuildFile; fileRef = 4F7F01DD1AB3F95800019BF3 /* AdminDashboardViewController.m */; };
/* End PBXBuildFile section */

/* Begin PBXContainerItemProxy section */
		4F7F01CA1AB3E9B700019BF3 /* PBXContainerItemProxy */ = {
			isa = PBXContainerItemProxy;
			containerPortal = 4F7F01A81AB3E9B700019BF3 /* Project object */;
			proxyType = 1;
			remoteGlobalIDString = 4F7F01AF1AB3E9B700019BF3;
			remoteInfo = Beaconing;
		};
/* End PBXContainerItemProxy section */

/* Begin PBXFileReference section */
		0008550E1AB6961600E0C566 /* ServiceCallAPI.h */ = {isa = PBXFileReference; fileEncoding = 4; lastKnownFileType = sourcecode.c.h; path = ServiceCallAPI.h; sourceTree = "<group>"; };
		0008550F1AB6961600E0C566 /* ServiceCallAPI.m */ = {isa = PBXFileReference; fileEncoding = 4; lastKnownFileType = sourcecode.c.objc; path = ServiceCallAPI.m; sourceTree = "<group>"; };
		000855121AB69A5700E0C566 /* Services.h */ = {isa = PBXFileReference; fileEncoding = 4; lastKnownFileType = sourcecode.c.h; path = Services.h; sourceTree = "<group>"; };
		000855151AB6BBA600E0C566 /* AFHTTPRequestOperation.h */ = {isa = PBXFileReference; fileEncoding = 4; lastKnownFileType = sourcecode.c.h; path = AFHTTPRequestOperation.h; sourceTree = "<group>"; };
		000855161AB6BBA600E0C566 /* AFHTTPRequestOperation.m */ = {isa = PBXFileReference; fileEncoding = 4; lastKnownFileType = sourcecode.c.objc; path = AFHTTPRequestOperation.m; sourceTree = "<group>"; };
		000855171AB6BBA600E0C566 /* AFHTTPRequestOperationManager.h */ = {isa = PBXFileReference; fileEncoding = 4; lastKnownFileType = sourcecode.c.h; path = AFHTTPRequestOperationManager.h; sourceTree = "<group>"; };
		000855181AB6BBA600E0C566 /* AFHTTPRequestOperationManager.m */ = {isa = PBXFileReference; fileEncoding = 4; lastKnownFileType = sourcecode.c.objc; path = AFHTTPRequestOperationManager.m; sourceTree = "<group>"; };
		000855191AB6BBA600E0C566 /* AFHTTPSessionManager.h */ = {isa = PBXFileReference; fileEncoding = 4; lastKnownFileType = sourcecode.c.h; path = AFHTTPSessionManager.h; sourceTree = "<group>"; };
		0008551A1AB6BBA600E0C566 /* AFHTTPSessionManager.m */ = {isa = PBXFileReference; fileEncoding = 4; lastKnownFileType = sourcecode.c.objc; path = AFHTTPSessionManager.m; sourceTree = "<group>"; };
		0008551B1AB6BBA600E0C566 /* AFNetworking.h */ = {isa = PBXFileReference; fileEncoding = 4; lastKnownFileType = sourcecode.c.h; path = AFNetworking.h; sourceTree = "<group>"; };
		0008551C1AB6BBA600E0C566 /* AFNetworkReachabilityManager.h */ = {isa = PBXFileReference; fileEncoding = 4; lastKnownFileType = sourcecode.c.h; path = AFNetworkReachabilityManager.h; sourceTree = "<group>"; };
		0008551D1AB6BBA600E0C566 /* AFNetworkReachabilityManager.m */ = {isa = PBXFileReference; fileEncoding = 4; lastKnownFileType = sourcecode.c.objc; path = AFNetworkReachabilityManager.m; sourceTree = "<group>"; };
		0008551E1AB6BBA600E0C566 /* AFSecurityPolicy.h */ = {isa = PBXFileReference; fileEncoding = 4; lastKnownFileType = sourcecode.c.h; path = AFSecurityPolicy.h; sourceTree = "<group>"; };
		0008551F1AB6BBA600E0C566 /* AFSecurityPolicy.m */ = {isa = PBXFileReference; fileEncoding = 4; lastKnownFileType = sourcecode.c.objc; path = AFSecurityPolicy.m; sourceTree = "<group>"; };
		000855201AB6BBA600E0C566 /* AFURLConnectionOperation.h */ = {isa = PBXFileReference; fileEncoding = 4; lastKnownFileType = sourcecode.c.h; path = AFURLConnectionOperation.h; sourceTree = "<group>"; };
		000855211AB6BBA600E0C566 /* AFURLConnectionOperation.m */ = {isa = PBXFileReference; fileEncoding = 4; lastKnownFileType = sourcecode.c.objc; path = AFURLConnectionOperation.m; sourceTree = "<group>"; };
		000855221AB6BBA600E0C566 /* AFURLRequestSerialization.h */ = {isa = PBXFileReference; fileEncoding = 4; lastKnownFileType = sourcecode.c.h; path = AFURLRequestSerialization.h; sourceTree = "<group>"; };
		000855231AB6BBA600E0C566 /* AFURLRequestSerialization.m */ = {isa = PBXFileReference; fileEncoding = 4; lastKnownFileType = sourcecode.c.objc; path = AFURLRequestSerialization.m; sourceTree = "<group>"; };
		000855241AB6BBA600E0C566 /* AFURLResponseSerialization.h */ = {isa = PBXFileReference; fileEncoding = 4; lastKnownFileType = sourcecode.c.h; path = AFURLResponseSerialization.h; sourceTree = "<group>"; };
		000855251AB6BBA600E0C566 /* AFURLResponseSerialization.m */ = {isa = PBXFileReference; fileEncoding = 4; lastKnownFileType = sourcecode.c.objc; path = AFURLResponseSerialization.m; sourceTree = "<group>"; };
		000855261AB6BBA600E0C566 /* AFURLSessionManager.h */ = {isa = PBXFileReference; fileEncoding = 4; lastKnownFileType = sourcecode.c.h; path = AFURLSessionManager.h; sourceTree = "<group>"; };
		000855271AB6BBA600E0C566 /* AFURLSessionManager.m */ = {isa = PBXFileReference; fileEncoding = 4; lastKnownFileType = sourcecode.c.objc; path = AFURLSessionManager.m; sourceTree = "<group>"; };
		000855291AB6BBA600E0C566 /* AFNetworkActivityIndicatorManager.h */ = {isa = PBXFileReference; fileEncoding = 4; lastKnownFileType = sourcecode.c.h; path = AFNetworkActivityIndicatorManager.h; sourceTree = "<group>"; };
		0008552A1AB6BBA600E0C566 /* AFNetworkActivityIndicatorManager.m */ = {isa = PBXFileReference; fileEncoding = 4; lastKnownFileType = sourcecode.c.objc; path = AFNetworkActivityIndicatorManager.m; sourceTree = "<group>"; };
		0008552B1AB6BBA600E0C566 /* UIActivityIndicatorView+AFNetworking.h */ = {isa = PBXFileReference; fileEncoding = 4; lastKnownFileType = sourcecode.c.h; path = "UIActivityIndicatorView+AFNetworking.h"; sourceTree = "<group>"; };
		0008552C1AB6BBA600E0C566 /* UIActivityIndicatorView+AFNetworking.m */ = {isa = PBXFileReference; fileEncoding = 4; lastKnownFileType = sourcecode.c.objc; path = "UIActivityIndicatorView+AFNetworking.m"; sourceTree = "<group>"; };
		0008552D1AB6BBA600E0C566 /* UIAlertView+AFNetworking.h */ = {isa = PBXFileReference; fileEncoding = 4; lastKnownFileType = sourcecode.c.h; path = "UIAlertView+AFNetworking.h"; sourceTree = "<group>"; };
		0008552E1AB6BBA600E0C566 /* UIAlertView+AFNetworking.m */ = {isa = PBXFileReference; fileEncoding = 4; lastKnownFileType = sourcecode.c.objc; path = "UIAlertView+AFNetworking.m"; sourceTree = "<group>"; };
		0008552F1AB6BBA600E0C566 /* UIButton+AFNetworking.h */ = {isa = PBXFileReference; fileEncoding = 4; lastKnownFileType = sourcecode.c.h; path = "UIButton+AFNetworking.h"; sourceTree = "<group>"; };
		000855301AB6BBA600E0C566 /* UIButton+AFNetworking.m */ = {isa = PBXFileReference; fileEncoding = 4; lastKnownFileType = sourcecode.c.objc; path = "UIButton+AFNetworking.m"; sourceTree = "<group>"; };
		000855311AB6BBA600E0C566 /* UIImageView+AFNetworking.h */ = {isa = PBXFileReference; fileEncoding = 4; lastKnownFileType = sourcecode.c.h; path = "UIImageView+AFNetworking.h"; sourceTree = "<group>"; };
		000855321AB6BBA600E0C566 /* UIImageView+AFNetworking.m */ = {isa = PBXFileReference; fileEncoding = 4; lastKnownFileType = sourcecode.c.objc; path = "UIImageView+AFNetworking.m"; sourceTree = "<group>"; };
		000855331AB6BBA600E0C566 /* UIKit+AFNetworking.h */ = {isa = PBXFileReference; fileEncoding = 4; lastKnownFileType = sourcecode.c.h; path = "UIKit+AFNetworking.h"; sourceTree = "<group>"; };
		000855341AB6BBA600E0C566 /* UIProgressView+AFNetworking.h */ = {isa = PBXFileReference; fileEncoding = 4; lastKnownFileType = sourcecode.c.h; path = "UIProgressView+AFNetworking.h"; sourceTree = "<group>"; };
		000855351AB6BBA600E0C566 /* UIProgressView+AFNetworking.m */ = {isa = PBXFileReference; fileEncoding = 4; lastKnownFileType = sourcecode.c.objc; path = "UIProgressView+AFNetworking.m"; sourceTree = "<group>"; };
		000855361AB6BBA600E0C566 /* UIRefreshControl+AFNetworking.h */ = {isa = PBXFileReference; fileEncoding = 4; lastKnownFileType = sourcecode.c.h; path = "UIRefreshControl+AFNetworking.h"; sourceTree = "<group>"; };
		000855371AB6BBA600E0C566 /* UIRefreshControl+AFNetworking.m */ = {isa = PBXFileReference; fileEncoding = 4; lastKnownFileType = sourcecode.c.objc; path = "UIRefreshControl+AFNetworking.m"; sourceTree = "<group>"; };
		000855381AB6BBA600E0C566 /* UIWebView+AFNetworking.h */ = {isa = PBXFileReference; fileEncoding = 4; lastKnownFileType = sourcecode.c.h; path = "UIWebView+AFNetworking.h"; sourceTree = "<group>"; };
		000855391AB6BBA600E0C566 /* UIWebView+AFNetworking.m */ = {isa = PBXFileReference; fileEncoding = 4; lastKnownFileType = sourcecode.c.objc; path = "UIWebView+AFNetworking.m"; sourceTree = "<group>"; };
		000B839E1B13697100F4CE5D /* splash-bg.png */ = {isa = PBXFileReference; lastKnownFileType = image.png; path = "splash-bg.png"; sourceTree = "<group>"; };
		000B83A01B136A4000F4CE5D /* Logo.png */ = {isa = PBXFileReference; lastKnownFileType = image.png; path = Logo.png; sourceTree = "<group>"; };
		000B83A21B13739800F4CE5D /* remember-me-active.png */ = {isa = PBXFileReference; lastKnownFileType = image.png; path = "remember-me-active.png"; sourceTree = "<group>"; };
		000B83A31B13739800F4CE5D /* remember-me-visible.png */ = {isa = PBXFileReference; lastKnownFileType = image.png; path = "remember-me-visible.png"; sourceTree = "<group>"; };
		00306C6B1AC17BBC00A7217F /* back.png */ = {isa = PBXFileReference; lastKnownFileType = image.png; path = back.png; sourceTree = "<group>"; };
		00306C6C1AC17BBC00A7217F /* login-btn.png */ = {isa = PBXFileReference; lastKnownFileType = image.png; path = "login-btn.png"; sourceTree = "<group>"; };
		00306C6D1AC17BBC00A7217F /* login-icon.png */ = {isa = PBXFileReference; lastKnownFileType = image.png; path = "login-icon.png"; sourceTree = "<group>"; };
		00306C6E1AC17BBC00A7217F /* Login.png */ = {isa = PBXFileReference; lastKnownFileType = image.png; path = Login.png; sourceTree = "<group>"; };
		00306C721AC17BBC00A7217F /* signup-btn.png */ = {isa = PBXFileReference; lastKnownFileType = image.png; path = "signup-btn.png"; sourceTree = "<group>"; };
		00306C731AC17BBC00A7217F /* signup-icon.png */ = {isa = PBXFileReference; lastKnownFileType = image.png; path = "signup-icon.png"; sourceTree = "<group>"; };
		00306C741AC17BBC00A7217F /* txt-field.png */ = {isa = PBXFileReference; lastKnownFileType = image.png; path = "txt-field.png"; sourceTree = "<group>"; };
		00306C7F1AC17BC800A7217F /* Signup.png */ = {isa = PBXFileReference; lastKnownFileType = image.png; path = Signup.png; sourceTree = "<group>"; };
		00306C811AC17BC800A7217F /* Splash-screen.png */ = {isa = PBXFileReference; lastKnownFileType = image.png; path = "Splash-screen.png"; sourceTree = "<group>"; };
		003C9B0A1B1AFF8500601065 /* inner-bg.png */ = {isa = PBXFileReference; lastKnownFileType = image.png; path = "inner-bg.png"; sourceTree = "<group>"; };
		003C9B0C1B1B004C00601065 /* coupon-bg.png */ = {isa = PBXFileReference; lastKnownFileType = image.png; path = "coupon-bg.png"; sourceTree = "<group>"; };
		003C9B0E1B1B06B100601065 /* coupon-des-field.png */ = {isa = PBXFileReference; lastKnownFileType = image.png; path = "coupon-des-field.png"; sourceTree = "<group>"; };
		003C9B0F1B1B06B100601065 /* coupon-field.png */ = {isa = PBXFileReference; lastKnownFileType = image.png; path = "coupon-field.png"; sourceTree = "<group>"; };
		003C9B121B1B13B900601065 /* close.png */ = {isa = PBXFileReference; lastKnownFileType = image.png; path = close.png; sourceTree = "<group>"; };
		003C9B141B1B13C600601065 /* headline-saperator.png */ = {isa = PBXFileReference; lastKnownFileType = image.png; path = "headline-saperator.png"; sourceTree = "<group>"; };
		003C9B161B1B143300601065 /* list-saperator.png */ = {isa = PBXFileReference; lastKnownFileType = image.png; path = "list-saperator.png"; sourceTree = "<group>"; };
		004903D71ACFDED7003A3293 /* UserInfo.h */ = {isa = PBXFileReference; fileEncoding = 4; lastKnownFileType = sourcecode.c.h; path = UserInfo.h; sourceTree = "<group>"; };
		004903D81ACFDED7003A3293 /* UserInfo.m */ = {isa = PBXFileReference; fileEncoding = 4; lastKnownFileType = sourcecode.c.objc; path = UserInfo.m; sourceTree = "<group>"; };
		0069A27D1AD2896000D7DD1A /* Raleway-Bold.ttf */ = {isa = PBXFileReference; lastKnownFileType = file; path = "Raleway-Bold.ttf"; sourceTree = "<group>"; };
		0069A27E1AD2896000D7DD1A /* Raleway-ExtraBold.ttf */ = {isa = PBXFileReference; lastKnownFileType = file; path = "Raleway-ExtraBold.ttf"; sourceTree = "<group>"; };
		0069A27F1AD2896000D7DD1A /* Raleway-ExtraLight.ttf */ = {isa = PBXFileReference; lastKnownFileType = file; path = "Raleway-ExtraLight.ttf"; sourceTree = "<group>"; };
		0069A2801AD2896000D7DD1A /* Raleway-Heavy.ttf */ = {isa = PBXFileReference; lastKnownFileType = file; path = "Raleway-Heavy.ttf"; sourceTree = "<group>"; };
		0069A2811AD2896000D7DD1A /* Raleway-Thin.ttf */ = {isa = PBXFileReference; lastKnownFileType = file; path = "Raleway-Thin.ttf"; sourceTree = "<group>"; };
		0076B6FA1AE4C5B700E8EE08 /* CreateCouponViewController.h */ = {isa = PBXFileReference; fileEncoding = 4; lastKnownFileType = sourcecode.c.h; path = CreateCouponViewController.h; sourceTree = "<group>"; };
		0076B6FB1AE4C5B700E8EE08 /* CreateCouponViewController.m */ = {isa = PBXFileReference; fileEncoding = 4; lastKnownFileType = sourcecode.c.objc; path = CreateCouponViewController.m; sourceTree = "<group>"; };
		007D52EA1ACD15170026E607 /* icon_120*120.png */ = {isa = PBXFileReference; lastKnownFileType = image.png; path = "icon_120*120.png"; sourceTree = "<group>"; };
		007D52EB1ACD15170026E607 /* icon_152*152.png */ = {isa = PBXFileReference; lastKnownFileType = image.png; path = "icon_152*152.png"; sourceTree = "<group>"; };
		007D52EC1ACD15170026E607 /* icon_180*180.png */ = {isa = PBXFileReference; lastKnownFileType = image.png; path = "icon_180*180.png"; sourceTree = "<group>"; };
		007D52F01ACD25EE0026E607 /* add.-beacon.png */ = {isa = PBXFileReference; lastKnownFileType = image.png; path = "add.-beacon.png"; sourceTree = "<group>"; };
		007D52F11ACD25EE0026E607 /* beacon-config.png */ = {isa = PBXFileReference; lastKnownFileType = image.png; path = "beacon-config.png"; sourceTree = "<group>"; };
		007D52F21ACD25EE0026E607 /* contact.png */ = {isa = PBXFileReference; lastKnownFileType = image.png; path = contact.png; sourceTree = "<group>"; };
		007D52F31ACD25EE0026E607 /* create-coupon.png */ = {isa = PBXFileReference; lastKnownFileType = image.png; path = "create-coupon.png"; sourceTree = "<group>"; };
		007D52F41ACD25EE0026E607 /* help-us.png */ = {isa = PBXFileReference; lastKnownFileType = image.png; path = "help-us.png"; sourceTree = "<group>"; };
		008405421ACF824D00269E8F /* Title-background.png */ = {isa = PBXFileReference; lastKnownFileType = image.png; path = "Title-background.png"; sourceTree = "<group>"; };
		008EE1291ACA7F04009DCAA8 /* UICustomActionSheet.h */ = {isa = PBXFileReference; fileEncoding = 4; lastKnownFileType = sourcecode.c.h; path = UICustomActionSheet.h; sourceTree = "<group>"; };
		008EE12A1ACA7F04009DCAA8 /* UICustomActionSheet.m */ = {isa = PBXFileReference; fileEncoding = 4; lastKnownFileType = sourcecode.c.objc; path = UICustomActionSheet.m; sourceTree = "<group>"; };
		008EE12B1ACA7F04009DCAA8 /* UIImageEffects.h */ = {isa = PBXFileReference; fileEncoding = 4; lastKnownFileType = sourcecode.c.h; path = UIImageEffects.h; sourceTree = "<group>"; };
		008EE12C1ACA7F04009DCAA8 /* UIImageEffects.m */ = {isa = PBXFileReference; fileEncoding = 4; lastKnownFileType = sourcecode.c.objc; path = UIImageEffects.m; sourceTree = "<group>"; };
		008EE12F1ACAA935009DCAA8 /* MBProgressHUD.h */ = {isa = PBXFileReference; fileEncoding = 4; lastKnownFileType = sourcecode.c.h; path = MBProgressHUD.h; sourceTree = "<group>"; };
		008EE1301ACAA935009DCAA8 /* MBProgressHUD.m */ = {isa = PBXFileReference; fileEncoding = 4; lastKnownFileType = sourcecode.c.objc; path = MBProgressHUD.m; sourceTree = "<group>"; };
		009771CD1ACD15F0007DF037 /* RegisteredBeaconsListViewController.h */ = {isa = PBXFileReference; fileEncoding = 4; lastKnownFileType = sourcecode.c.h; name = RegisteredBeaconsListViewController.h; path = Beaconing/RegisteredBeaconsListViewController.h; sourceTree = "<group>"; };
		009771CE1ACD15F0007DF037 /* RegisteredBeaconsListViewController.m */ = {isa = PBXFileReference; fileEncoding = 4; lastKnownFileType = sourcecode.c.objc; name = RegisteredBeaconsListViewController.m; path = Beaconing/RegisteredBeaconsListViewController.m; sourceTree = "<group>"; };
		009771D01ACD1615007DF037 /* BeaconConstants.h */ = {isa = PBXFileReference; fileEncoding = 4; lastKnownFileType = sourcecode.c.h; path = BeaconConstants.h; sourceTree = "<group>"; };
		0099BD631AC2DB8300F82851 /* LoginViewController.h */ = {isa = PBXFileReference; fileEncoding = 4; lastKnownFileType = sourcecode.c.h; name = LoginViewController.h; path = Beaconing/LoginViewController.h; sourceTree = "<group>"; };
		0099BD641AC2DB8300F82851 /* LoginViewController.m */ = {isa = PBXFileReference; fileEncoding = 4; lastKnownFileType = sourcecode.c.objc; name = LoginViewController.m; path = Beaconing/LoginViewController.m; sourceTree = "<group>"; };
		00A90C1C1ACBB6DF00209F4F /* Splash-screen-bg.png */ = {isa = PBXFileReference; lastKnownFileType = image.png; path = "Splash-screen-bg.png"; sourceTree = "<group>"; };
		00A90C201ACBC32E00209F4F /* Launch Screen.xib */ = {isa = PBXFileReference; fileEncoding = 4; lastKnownFileType = file.xib; name = "Launch Screen.xib"; path = "../Launch Screen.xib"; sourceTree = "<group>"; };
		00A9A8A61AC3E4C300D4A439 /* NearbyBeaconListViewController.h */ = {isa = PBXFileReference; fileEncoding = 4; lastKnownFileType = sourcecode.c.h; name = NearbyBeaconListViewController.h; path = Beaconing/NearbyBeaconListViewController.h; sourceTree = "<group>"; };
		00A9A8A71AC3E4C300D4A439 /* NearbyBeaconListViewController.m */ = {isa = PBXFileReference; fileEncoding = 4; lastKnownFileType = sourcecode.c.objc; name = NearbyBeaconListViewController.m; path = Beaconing/NearbyBeaconListViewController.m; sourceTree = "<group>"; };
		00A9A8B11AC40FFF00D4A439 /* BeaconManager.h */ = {isa = PBXFileReference; fileEncoding = 4; lastKnownFileType = sourcecode.c.h; path = BeaconManager.h; sourceTree = "<group>"; };
		00A9A8B21AC40FFF00D4A439 /* BeaconManager.m */ = {isa = PBXFileReference; fileEncoding = 4; lastKnownFileType = sourcecode.c.objc; path = BeaconManager.m; sourceTree = "<group>"; };
		00A9A8B61AC4103100D4A439 /* BeaconObj.h */ = {isa = PBXFileReference; fileEncoding = 4; lastKnownFileType = sourcecode.c.h; path = BeaconObj.h; sourceTree = "<group>"; };
		00A9A8B71AC4103100D4A439 /* BeaconObj.m */ = {isa = PBXFileReference; fileEncoding = 4; lastKnownFileType = sourcecode.c.objc; path = BeaconObj.m; sourceTree = "<group>"; };
		00A9A8BC1AC42F9D00D4A439 /* ConfigureBeaconViewController.h */ = {isa = PBXFileReference; fileEncoding = 4; lastKnownFileType = sourcecode.c.h; name = ConfigureBeaconViewController.h; path = Beaconing/ConfigureBeaconViewController.h; sourceTree = "<group>"; };
		00A9A8BD1AC42F9D00D4A439 /* ConfigureBeaconViewController.m */ = {isa = PBXFileReference; fileEncoding = 4; lastKnownFileType = sourcecode.c.objc; name = ConfigureBeaconViewController.m; path = Beaconing/ConfigureBeaconViewController.m; sourceTree = "<group>"; };
		00E14DA81AC51F2C00153155 /* Raleway-Medium.ttf */ = {isa = PBXFileReference; lastKnownFileType = file; path = "Raleway-Medium.ttf"; sourceTree = "<group>"; };
		00E14DA91AC51F2C00153155 /* Raleway-Regular.ttf */ = {isa = PBXFileReference; lastKnownFileType = file; path = "Raleway-Regular.ttf"; sourceTree = "<group>"; };
		00E14DAC1AC5327100153155 /* Raleway-SemiBold.ttf */ = {isa = PBXFileReference; lastKnownFileType = file; path = "Raleway-SemiBold.ttf"; sourceTree = "<group>"; };
		00E22EE21AD24EE200522A34 /* ForgotPasswordViewController.h */ = {isa = PBXFileReference; fileEncoding = 4; lastKnownFileType = sourcecode.c.h; path = ForgotPasswordViewController.h; sourceTree = "<group>"; };
		00E22EE31AD24EE200522A34 /* ForgotPasswordViewController.m */ = {isa = PBXFileReference; fileEncoding = 4; lastKnownFileType = sourcecode.c.objc; path = ForgotPasswordViewController.m; sourceTree = "<group>"; };
		00FC033D1AC5247D00DA9598 /* CoreBluetooth.framework */ = {isa = PBXFileReference; lastKnownFileType = wrapper.framework; name = CoreBluetooth.framework; path = System/Library/Frameworks/CoreBluetooth.framework; sourceTree = SDKROOT; };
		4F380D8B1ABDC7E400F5AF89 /* NormalUserViewController.h */ = {isa = PBXFileReference; fileEncoding = 4; lastKnownFileType = sourcecode.c.h; name = NormalUserViewController.h; path = Beaconing/NormalUserViewController.h; sourceTree = "<group>"; };
		4F380D8C1ABDC7E400F5AF89 /* NormalUserViewController.m */ = {isa = PBXFileReference; fileEncoding = 4; lastKnownFileType = sourcecode.c.objc; name = NormalUserViewController.m; path = Beaconing/NormalUserViewController.m; sourceTree = "<group>"; };
		4F7F01B01AB3E9B700019BF3 /* Beaconing.app */ = {isa = PBXFileReference; explicitFileType = wrapper.application; includeInIndex = 0; path = Beaconing.app; sourceTree = BUILT_PRODUCTS_DIR; };
		4F7F01B41AB3E9B700019BF3 /* Info.plist */ = {isa = PBXFileReference; lastKnownFileType = text.plist.xml; path = Info.plist; sourceTree = "<group>"; };
		4F7F01B51AB3E9B700019BF3 /* main.m */ = {isa = PBXFileReference; lastKnownFileType = sourcecode.c.objc; path = main.m; sourceTree = "<group>"; };
		4F7F01B71AB3E9B700019BF3 /* AppDelegate.h */ = {isa = PBXFileReference; lastKnownFileType = sourcecode.c.h; path = AppDelegate.h; sourceTree = "<group>"; };
		4F7F01B81AB3E9B700019BF3 /* AppDelegate.m */ = {isa = PBXFileReference; lastKnownFileType = sourcecode.c.objc; path = AppDelegate.m; sourceTree = "<group>"; };
		4F7F01BA1AB3E9B700019BF3 /* ViewController.h */ = {isa = PBXFileReference; lastKnownFileType = sourcecode.c.h; name = ViewController.h; path = Beaconing/ViewController.h; sourceTree = "<group>"; };
		4F7F01BB1AB3E9B700019BF3 /* ViewController.m */ = {isa = PBXFileReference; lastKnownFileType = sourcecode.c.objc; name = ViewController.m; path = Beaconing/ViewController.m; sourceTree = "<group>"; };
		4F7F01BE1AB3E9B700019BF3 /* Base */ = {isa = PBXFileReference; lastKnownFileType = file.storyboard; name = Base; path = Base.lproj/Main.storyboard; sourceTree = "<group>"; };
		4F7F01C01AB3E9B700019BF3 /* Images.xcassets */ = {isa = PBXFileReference; lastKnownFileType = folder.assetcatalog; path = Images.xcassets; sourceTree = "<group>"; };
		4F7F01C91AB3E9B700019BF3 /* BeaconingTests.xctest */ = {isa = PBXFileReference; explicitFileType = wrapper.cfbundle; includeInIndex = 0; path = BeaconingTests.xctest; sourceTree = BUILT_PRODUCTS_DIR; };
		4F7F01CE1AB3E9B700019BF3 /* Info.plist */ = {isa = PBXFileReference; lastKnownFileType = text.plist.xml; path = Info.plist; sourceTree = "<group>"; };
		4F7F01CF1AB3E9B700019BF3 /* BeaconingTests.m */ = {isa = PBXFileReference; lastKnownFileType = sourcecode.c.objc; path = BeaconingTests.m; sourceTree = "<group>"; };
		4F7F01D91AB3F46500019BF3 /* RegisterUserViewController.h */ = {isa = PBXFileReference; fileEncoding = 4; lastKnownFileType = sourcecode.c.h; name = RegisterUserViewController.h; path = Beaconing/RegisterUserViewController.h; sourceTree = "<group>"; };
		4F7F01DA1AB3F46500019BF3 /* RegisterUserViewController.m */ = {isa = PBXFileReference; fileEncoding = 4; lastKnownFileType = sourcecode.c.objc; name = RegisterUserViewController.m; path = Beaconing/RegisterUserViewController.m; sourceTree = "<group>"; };
		4F7F01DC1AB3F95800019BF3 /* AdminDashboardViewController.h */ = {isa = PBXFileReference; fileEncoding = 4; lastKnownFileType = sourcecode.c.h; name = AdminDashboardViewController.h; path = Beaconing/AdminDashboardViewController.h; sourceTree = "<group>"; };
		4F7F01DD1AB3F95800019BF3 /* AdminDashboardViewController.m */ = {isa = PBXFileReference; fileEncoding = 4; lastKnownFileType = sourcecode.c.objc; name = AdminDashboardViewController.m; path = Beaconing/AdminDashboardViewController.m; sourceTree = "<group>"; };
/* End PBXFileReference section */

/* Begin PBXFrameworksBuildPhase section */
		4F7F01AD1AB3E9B700019BF3 /* Frameworks */ = {
			isa = PBXFrameworksBuildPhase;
			buildActionMask = 2147483647;
			files = (
			);
			runOnlyForDeploymentPostprocessing = 0;
		};
		4F7F01C61AB3E9B700019BF3 /* Frameworks */ = {
			isa = PBXFrameworksBuildPhase;
			buildActionMask = 2147483647;
			files = (
				00FC033E1AC5247D00DA9598 /* CoreBluetooth.framework in Frameworks */,
			);
			runOnlyForDeploymentPostprocessing = 0;
		};
/* End PBXFrameworksBuildPhase section */

/* Begin PBXGroup section */
		000855111AB6992A00E0C566 /* ModelClasses */ = {
			isa = PBXGroup;
			children = (
				0069A27D1AD2896000D7DD1A /* Raleway-Bold.ttf */,
				0069A27E1AD2896000D7DD1A /* Raleway-ExtraBold.ttf */,
				0069A27F1AD2896000D7DD1A /* Raleway-ExtraLight.ttf */,
				0069A2801AD2896000D7DD1A /* Raleway-Heavy.ttf */,
				0069A2811AD2896000D7DD1A /* Raleway-Thin.ttf */,
				00E14DA81AC51F2C00153155 /* Raleway-Medium.ttf */,
				00E14DA91AC51F2C00153155 /* Raleway-Regular.ttf */,
				00E14DAC1AC5327100153155 /* Raleway-SemiBold.ttf */,
				00A9A8B51AC4103100D4A439 /* DataModels */,
				0008550E1AB6961600E0C566 /* ServiceCallAPI.h */,
				0008550F1AB6961600E0C566 /* ServiceCallAPI.m */,
				000855121AB69A5700E0C566 /* Services.h */,
			);
			name = ModelClasses;
			sourceTree = "<group>";
		};
		000855131AB6BB8100E0C566 /* AFNetworkLibrary */ = {
			isa = PBXGroup;
			children = (
				000855141AB6BBA600E0C566 /* AFNetworking */,
				000855281AB6BBA600E0C566 /* UIKit+AFNetworking */,
			);
			name = AFNetworkLibrary;
			sourceTree = "<group>";
		};
		000855141AB6BBA600E0C566 /* AFNetworking */ = {
			isa = PBXGroup;
			children = (
				000855151AB6BBA600E0C566 /* AFHTTPRequestOperation.h */,
				000855161AB6BBA600E0C566 /* AFHTTPRequestOperation.m */,
				000855171AB6BBA600E0C566 /* AFHTTPRequestOperationManager.h */,
				000855181AB6BBA600E0C566 /* AFHTTPRequestOperationManager.m */,
				000855191AB6BBA600E0C566 /* AFHTTPSessionManager.h */,
				0008551A1AB6BBA600E0C566 /* AFHTTPSessionManager.m */,
				0008551B1AB6BBA600E0C566 /* AFNetworking.h */,
				0008551C1AB6BBA600E0C566 /* AFNetworkReachabilityManager.h */,
				0008551D1AB6BBA600E0C566 /* AFNetworkReachabilityManager.m */,
				0008551E1AB6BBA600E0C566 /* AFSecurityPolicy.h */,
				0008551F1AB6BBA600E0C566 /* AFSecurityPolicy.m */,
				000855201AB6BBA600E0C566 /* AFURLConnectionOperation.h */,
				000855211AB6BBA600E0C566 /* AFURLConnectionOperation.m */,
				000855221AB6BBA600E0C566 /* AFURLRequestSerialization.h */,
				000855231AB6BBA600E0C566 /* AFURLRequestSerialization.m */,
				000855241AB6BBA600E0C566 /* AFURLResponseSerialization.h */,
				000855251AB6BBA600E0C566 /* AFURLResponseSerialization.m */,
				000855261AB6BBA600E0C566 /* AFURLSessionManager.h */,
				000855271AB6BBA600E0C566 /* AFURLSessionManager.m */,
			);
			path = AFNetworking;
			sourceTree = "<group>";
		};
		000855281AB6BBA600E0C566 /* UIKit+AFNetworking */ = {
			isa = PBXGroup;
			children = (
				000855291AB6BBA600E0C566 /* AFNetworkActivityIndicatorManager.h */,
				0008552A1AB6BBA600E0C566 /* AFNetworkActivityIndicatorManager.m */,
				0008552B1AB6BBA600E0C566 /* UIActivityIndicatorView+AFNetworking.h */,
				0008552C1AB6BBA600E0C566 /* UIActivityIndicatorView+AFNetworking.m */,
				0008552D1AB6BBA600E0C566 /* UIAlertView+AFNetworking.h */,
				0008552E1AB6BBA600E0C566 /* UIAlertView+AFNetworking.m */,
				0008552F1AB6BBA600E0C566 /* UIButton+AFNetworking.h */,
				000855301AB6BBA600E0C566 /* UIButton+AFNetworking.m */,
				000855311AB6BBA600E0C566 /* UIImageView+AFNetworking.h */,
				000855321AB6BBA600E0C566 /* UIImageView+AFNetworking.m */,
				000855331AB6BBA600E0C566 /* UIKit+AFNetworking.h */,
				000855341AB6BBA600E0C566 /* UIProgressView+AFNetworking.h */,
				000855351AB6BBA600E0C566 /* UIProgressView+AFNetworking.m */,
				000855361AB6BBA600E0C566 /* UIRefreshControl+AFNetworking.h */,
				000855371AB6BBA600E0C566 /* UIRefreshControl+AFNetworking.m */,
				000855381AB6BBA600E0C566 /* UIWebView+AFNetworking.h */,
				000855391AB6BBA600E0C566 /* UIWebView+AFNetworking.m */,
			);
			path = "UIKit+AFNetworking";
			sourceTree = "<group>";
		};
		00306C6A1AC17B7E00A7217F /* Image files */ = {
			isa = PBXGroup;
			children = (
				003C9B161B1B143300601065 /* list-saperator.png */,
				003C9B141B1B13C600601065 /* headline-saperator.png */,
				003C9B121B1B13B900601065 /* close.png */,
				003C9B0E1B1B06B100601065 /* coupon-des-field.png */,
				003C9B0F1B1B06B100601065 /* coupon-field.png */,
				003C9B0C1B1B004C00601065 /* coupon-bg.png */,
				003C9B0A1B1AFF8500601065 /* inner-bg.png */,
				000B83A21B13739800F4CE5D /* remember-me-active.png */,
				000B83A31B13739800F4CE5D /* remember-me-visible.png */,
				000B83A01B136A4000F4CE5D /* Logo.png */,
				000B839E1B13697100F4CE5D /* splash-bg.png */,
				008405421ACF824D00269E8F /* Title-background.png */,
				007D52F01ACD25EE0026E607 /* add.-beacon.png */,
				007D52F11ACD25EE0026E607 /* beacon-config.png */,
				007D52F21ACD25EE0026E607 /* contact.png */,
				007D52F31ACD25EE0026E607 /* create-coupon.png */,
				007D52F41ACD25EE0026E607 /* help-us.png */,
				007D52EA1ACD15170026E607 /* icon_120*120.png */,
				007D52EB1ACD15170026E607 /* icon_152*152.png */,
				007D52EC1ACD15170026E607 /* icon_180*180.png */,
				00A90C1C1ACBB6DF00209F4F /* Splash-screen-bg.png */,
				00306C7F1AC17BC800A7217F /* Signup.png */,
				00306C811AC17BC800A7217F /* Splash-screen.png */,
				00306C6B1AC17BBC00A7217F /* back.png */,
				00306C6C1AC17BBC00A7217F /* login-btn.png */,
				00306C6D1AC17BBC00A7217F /* login-icon.png */,
				00306C6E1AC17BBC00A7217F /* Login.png */,
				00306C721AC17BBC00A7217F /* signup-btn.png */,
				00306C731AC17BBC00A7217F /* signup-icon.png */,
				00306C741AC17BBC00A7217F /* txt-field.png */,
			);
			name = "Image files";
			sourceTree = "<group>";
		};
		00A9A8A41AC3DE2C00D4A439 /* ViewControllers */ = {
			isa = PBXGroup;
			children = (
				4F7F01BA1AB3E9B700019BF3 /* ViewController.h */,
				4F7F01BB1AB3E9B700019BF3 /* ViewController.m */,
				0099BD631AC2DB8300F82851 /* LoginViewController.h */,
				0099BD641AC2DB8300F82851 /* LoginViewController.m */,
				4F7F01D91AB3F46500019BF3 /* RegisterUserViewController.h */,
				4F7F01DA1AB3F46500019BF3 /* RegisterUserViewController.m */,
				00E22EE21AD24EE200522A34 /* ForgotPasswordViewController.h */,
				00E22EE31AD24EE200522A34 /* ForgotPasswordViewController.m */,
				4F7F01DC1AB3F95800019BF3 /* AdminDashboardViewController.h */,
				4F7F01DD1AB3F95800019BF3 /* AdminDashboardViewController.m */,
				4F380D8B1ABDC7E400F5AF89 /* NormalUserViewController.h */,
				4F380D8C1ABDC7E400F5AF89 /* NormalUserViewController.m */,
				00A9A8A61AC3E4C300D4A439 /* NearbyBeaconListViewController.h */,
				00A9A8A71AC3E4C300D4A439 /* NearbyBeaconListViewController.m */,
				00A9A8BC1AC42F9D00D4A439 /* ConfigureBeaconViewController.h */,
				00A9A8BD1AC42F9D00D4A439 /* ConfigureBeaconViewController.m */,
				009771CD1ACD15F0007DF037 /* RegisteredBeaconsListViewController.h */,
				009771CE1ACD15F0007DF037 /* RegisteredBeaconsListViewController.m */,
				0076B6FA1AE4C5B700E8EE08 /* CreateCouponViewController.h */,
				0076B6FB1AE4C5B700E8EE08 /* CreateCouponViewController.m */,
			);
			name = ViewControllers;
			path = ..;
			sourceTree = "<group>";
		};
		00A9A8A51AC3DE6100D4A439 /* AppDelegate */ = {
			isa = PBXGroup;
			children = (
				4F7F01B71AB3E9B700019BF3 /* AppDelegate.h */,
				4F7F01B81AB3E9B700019BF3 /* AppDelegate.m */,
			);
			name = AppDelegate;
			sourceTree = "<group>";
		};
		00A9A8AF1AC40FFF00D4A439 /* Utilities */ = {
			isa = PBXGroup;
			children = (
				008EE12F1ACAA935009DCAA8 /* MBProgressHUD.h */,
				008EE1301ACAA935009DCAA8 /* MBProgressHUD.m */,
				008EE1291ACA7F04009DCAA8 /* UICustomActionSheet.h */,
				008EE12A1ACA7F04009DCAA8 /* UICustomActionSheet.m */,
				008EE12B1ACA7F04009DCAA8 /* UIImageEffects.h */,
				008EE12C1ACA7F04009DCAA8 /* UIImageEffects.m */,
				00A9A8B01AC40FFF00D4A439 /* Beacon */,
				004903D71ACFDED7003A3293 /* UserInfo.h */,
				004903D81ACFDED7003A3293 /* UserInfo.m */,
			);
			path = Utilities;
			sourceTree = "<group>";
		};
		00A9A8B01AC40FFF00D4A439 /* Beacon */ = {
			isa = PBXGroup;
			children = (
				009771D01ACD1615007DF037 /* BeaconConstants.h */,
				00A9A8B11AC40FFF00D4A439 /* BeaconManager.h */,
				00A9A8B21AC40FFF00D4A439 /* BeaconManager.m */,
			);
			path = Beacon;
			sourceTree = "<group>";
		};
		00A9A8B51AC4103100D4A439 /* DataModels */ = {
			isa = PBXGroup;
			children = (
				00A9A8B61AC4103100D4A439 /* BeaconObj.h */,
				00A9A8B71AC4103100D4A439 /* BeaconObj.m */,
			);
			path = DataModels;
			sourceTree = "<group>";
		};
		4F7F01A71AB3E9B700019BF3 = {
			isa = PBXGroup;
			children = (
				00FC033D1AC5247D00DA9598 /* CoreBluetooth.framework */,
				4F7F01B21AB3E9B700019BF3 /* Beaconing */,
				4F7F01CC1AB3E9B700019BF3 /* BeaconingTests */,
				4F7F01B11AB3E9B700019BF3 /* Products */,
			);
			sourceTree = "<group>";
		};
		4F7F01B11AB3E9B700019BF3 /* Products */ = {
			isa = PBXGroup;
			children = (
				4F7F01B01AB3E9B700019BF3 /* Beaconing.app */,
				4F7F01C91AB3E9B700019BF3 /* BeaconingTests.xctest */,
			);
			name = Products;
			sourceTree = "<group>";
		};
		4F7F01B21AB3E9B700019BF3 /* Beaconing */ = {
			isa = PBXGroup;
			children = (
				00A9A8AF1AC40FFF00D4A439 /* Utilities */,
				00A9A8A51AC3DE6100D4A439 /* AppDelegate */,
				00306C6A1AC17B7E00A7217F /* Image files */,
				000855131AB6BB8100E0C566 /* AFNetworkLibrary */,
				00A9A8A41AC3DE2C00D4A439 /* ViewControllers */,
				000855111AB6992A00E0C566 /* ModelClasses */,
				4F7F01BD1AB3E9B700019BF3 /* Main.storyboard */,
				00A90C201ACBC32E00209F4F /* Launch Screen.xib */,
				4F7F01C01AB3E9B700019BF3 /* Images.xcassets */,
				4F7F01B31AB3E9B700019BF3 /* Supporting Files */,
			);
			path = Beaconing;
			sourceTree = "<group>";
		};
		4F7F01B31AB3E9B700019BF3 /* Supporting Files */ = {
			isa = PBXGroup;
			children = (
				4F7F01B41AB3E9B700019BF3 /* Info.plist */,
				4F7F01B51AB3E9B700019BF3 /* main.m */,
			);
			name = "Supporting Files";
			sourceTree = "<group>";
		};
		4F7F01CC1AB3E9B700019BF3 /* BeaconingTests */ = {
			isa = PBXGroup;
			children = (
				4F7F01CF1AB3E9B700019BF3 /* BeaconingTests.m */,
				4F7F01CD1AB3E9B700019BF3 /* Supporting Files */,
			);
			path = BeaconingTests;
			sourceTree = "<group>";
		};
		4F7F01CD1AB3E9B700019BF3 /* Supporting Files */ = {
			isa = PBXGroup;
			children = (
				4F7F01CE1AB3E9B700019BF3 /* Info.plist */,
			);
			name = "Supporting Files";
			sourceTree = "<group>";
		};
/* End PBXGroup section */

/* Begin PBXNativeTarget section */
		4F7F01AF1AB3E9B700019BF3 /* Beaconing */ = {
			isa = PBXNativeTarget;
			buildConfigurationList = 4F7F01D31AB3E9B700019BF3 /* Build configuration list for PBXNativeTarget "Beaconing" */;
			buildPhases = (
				4F7F01AC1AB3E9B700019BF3 /* Sources */,
				4F7F01AD1AB3E9B700019BF3 /* Frameworks */,
				4F7F01AE1AB3E9B700019BF3 /* Resources */,
			);
			buildRules = (
			);
			dependencies = (
			);
			name = Beaconing;
			productName = Beaconing;
			productReference = 4F7F01B01AB3E9B700019BF3 /* Beaconing.app */;
			productType = "com.apple.product-type.application";
		};
		4F7F01C81AB3E9B700019BF3 /* BeaconingTests */ = {
			isa = PBXNativeTarget;
			buildConfigurationList = 4F7F01D61AB3E9B700019BF3 /* Build configuration list for PBXNativeTarget "BeaconingTests" */;
			buildPhases = (
				4F7F01C51AB3E9B700019BF3 /* Sources */,
				4F7F01C61AB3E9B700019BF3 /* Frameworks */,
				4F7F01C71AB3E9B700019BF3 /* Resources */,
			);
			buildRules = (
			);
			dependencies = (
				4F7F01CB1AB3E9B700019BF3 /* PBXTargetDependency */,
			);
			name = BeaconingTests;
			productName = BeaconingTests;
			productReference = 4F7F01C91AB3E9B700019BF3 /* BeaconingTests.xctest */;
			productType = "com.apple.product-type.bundle.unit-test";
		};
/* End PBXNativeTarget section */

/* Begin PBXProject section */
		4F7F01A81AB3E9B700019BF3 /* Project object */ = {
			isa = PBXProject;
			attributes = {
				LastUpgradeCheck = 0620;
				ORGANIZATIONNAME = xyz;
				TargetAttributes = {
					4F7F01AF1AB3E9B700019BF3 = {
						CreatedOnToolsVersion = 6.2;
					};
					4F7F01C81AB3E9B700019BF3 = {
						CreatedOnToolsVersion = 6.2;
						TestTargetID = 4F7F01AF1AB3E9B700019BF3;
					};
				};
			};
			buildConfigurationList = 4F7F01AB1AB3E9B700019BF3 /* Build configuration list for PBXProject "Beaconing" */;
			compatibilityVersion = "Xcode 3.2";
			developmentRegion = English;
			hasScannedForEncodings = 0;
			knownRegions = (
				en,
				Base,
			);
			mainGroup = 4F7F01A71AB3E9B700019BF3;
			productRefGroup = 4F7F01B11AB3E9B700019BF3 /* Products */;
			projectDirPath = "";
			projectRoot = "";
			targets = (
				4F7F01AF1AB3E9B700019BF3 /* Beaconing */,
				4F7F01C81AB3E9B700019BF3 /* BeaconingTests */,
			);
		};
/* End PBXProject section */

/* Begin PBXResourcesBuildPhase section */
		4F7F01AE1AB3E9B700019BF3 /* Resources */ = {
			isa = PBXResourcesBuildPhase;
			buildActionMask = 2147483647;
			files = (
				00E14DAD1AC5327100153155 /* Raleway-SemiBold.ttf in Resources */,
				00306C771AC17BBC00A7217F /* login-icon.png in Resources */,
				007D52ED1ACD15170026E607 /* icon_120*120.png in Resources */,
				00306C751AC17BBC00A7217F /* back.png in Resources */,
				00306C781AC17BBC00A7217F /* Login.png in Resources */,
				4F7F01BF1AB3E9B700019BF3 /* Main.storyboard in Resources */,
				003C9B111B1B06B100601065 /* coupon-field.png in Resources */,
				00A90C1D1ACBB6DF00209F4F /* Splash-screen-bg.png in Resources */,
				00306C7E1AC17BBC00A7217F /* txt-field.png in Resources */,
				00306C7C1AC17BBC00A7217F /* signup-btn.png in Resources */,
				00E14DAA1AC51F2C00153155 /* Raleway-Medium.ttf in Resources */,
				0069A2851AD2896000D7DD1A /* Raleway-Heavy.ttf in Resources */,
				000B83A41B13739800F4CE5D /* remember-me-active.png in Resources */,
				007D52EE1ACD15170026E607 /* icon_152*152.png in Resources */,
				007D52F91ACD25EE0026E607 /* help-us.png in Resources */,
				0069A2821AD2896000D7DD1A /* Raleway-Bold.ttf in Resources */,
				00306C761AC17BBC00A7217F /* login-btn.png in Resources */,
				003C9B151B1B13C600601065 /* headline-saperator.png in Resources */,
				007D52F61ACD25EE0026E607 /* beacon-config.png in Resources */,
				0069A2841AD2896000D7DD1A /* Raleway-ExtraLight.ttf in Resources */,
				008405431ACF824D00269E8F /* Title-background.png in Resources */,
				0069A2861AD2896000D7DD1A /* Raleway-Thin.ttf in Resources */,
				007D52F71ACD25EE0026E607 /* contact.png in Resources */,
				4F7F01C11AB3E9B700019BF3 /* Images.xcassets in Resources */,
				000B83A11B136A4000F4CE5D /* Logo.png in Resources */,
				007D52EF1ACD15170026E607 /* icon_180*180.png in Resources */,
				000B839F1B13697100F4CE5D /* splash-bg.png in Resources */,
				007D52F81ACD25EE0026E607 /* create-coupon.png in Resources */,
				00E14DAB1AC51F2C00153155 /* Raleway-Regular.ttf in Resources */,
				003C9B171B1B143300601065 /* list-saperator.png in Resources */,
				00306C841AC17BC800A7217F /* Splash-screen.png in Resources */,
				00306C7D1AC17BBC00A7217F /* signup-icon.png in Resources */,
				0069A2831AD2896000D7DD1A /* Raleway-ExtraBold.ttf in Resources */,
				003C9B0D1B1B004C00601065 /* coupon-bg.png in Resources */,
				00306C821AC17BC800A7217F /* Signup.png in Resources */,
				003C9B131B1B13B900601065 /* close.png in Resources */,
				003C9B0B1B1AFF8500601065 /* inner-bg.png in Resources */,
				007D52F51ACD25EE0026E607 /* add.-beacon.png in Resources */,
				003C9B101B1B06B100601065 /* coupon-des-field.png in Resources */,
				00A90C211ACBC32E00209F4F /* Launch Screen.xib in Resources */,
				000B83A51B13739800F4CE5D /* remember-me-visible.png in Resources */,
			);
			runOnlyForDeploymentPostprocessing = 0;
		};
		4F7F01C71AB3E9B700019BF3 /* Resources */ = {
			isa = PBXResourcesBuildPhase;
			buildActionMask = 2147483647;
			files = (
			);
			runOnlyForDeploymentPostprocessing = 0;
		};
/* End PBXResourcesBuildPhase section */

/* Begin PBXSourcesBuildPhase section */
		4F7F01AC1AB3E9B700019BF3 /* Sources */ = {
			isa = PBXSourcesBuildPhase;
			buildActionMask = 2147483647;
			files = (
				000855421AB6BBA600E0C566 /* AFURLSessionManager.m in Sources */,
				4F7F01BC1AB3E9B700019BF3 /* ViewController.m in Sources */,
				008EE12D1ACA7F04009DCAA8 /* UICustomActionSheet.m in Sources */,
				4F7F01DE1AB3F95800019BF3 /* AdminDashboardViewController.m in Sources */,
				0008553D1AB6BBA600E0C566 /* AFNetworkReachabilityManager.m in Sources */,
				0099BD651AC2DB8300F82851 /* LoginViewController.m in Sources */,
				000855431AB6BBA600E0C566 /* AFNetworkActivityIndicatorManager.m in Sources */,
				000855101AB6961600E0C566 /* ServiceCallAPI.m in Sources */,
				0008553F1AB6BBA600E0C566 /* AFURLConnectionOperation.m in Sources */,
				009771CF1ACD15F0007DF037 /* RegisteredBeaconsListViewController.m in Sources */,
				0076B6FC1AE4C5B700E8EE08 /* CreateCouponViewController.m in Sources */,
				000855481AB6BBA600E0C566 /* UIProgressView+AFNetworking.m in Sources */,
				00A9A8B81AC4103100D4A439 /* BeaconObj.m in Sources */,
				0008553C1AB6BBA600E0C566 /* AFHTTPSessionManager.m in Sources */,
				000855401AB6BBA600E0C566 /* AFURLRequestSerialization.m in Sources */,
				4F7F01B91AB3E9B700019BF3 /* AppDelegate.m in Sources */,
				000855461AB6BBA600E0C566 /* UIButton+AFNetworking.m in Sources */,
				008EE1311ACAA935009DCAA8 /* MBProgressHUD.m in Sources */,
				000855471AB6BBA600E0C566 /* UIImageView+AFNetworking.m in Sources */,
				00E22EE41AD24EE200522A34 /* ForgotPasswordViewController.m in Sources */,
				004903D91ACFDED7003A3293 /* UserInfo.m in Sources */,
				4F7F01DB1AB3F46500019BF3 /* RegisterUserViewController.m in Sources */,
				008EE12E1ACA7F04009DCAA8 /* UIImageEffects.m in Sources */,
				4F7F01B61AB3E9B700019BF3 /* main.m in Sources */,
				00A9A8B41AC40FFF00D4A439 /* BeaconManager.m in Sources */,
				000855451AB6BBA600E0C566 /* UIAlertView+AFNetworking.m in Sources */,
				0008554A1AB6BBA600E0C566 /* UIWebView+AFNetworking.m in Sources */,
				00A9A8A81AC3E4C300D4A439 /* NearbyBeaconListViewController.m in Sources */,
				000855441AB6BBA600E0C566 /* UIActivityIndicatorView+AFNetworking.m in Sources */,
				0008553B1AB6BBA600E0C566 /* AFHTTPRequestOperationManager.m in Sources */,
				000855491AB6BBA600E0C566 /* UIRefreshControl+AFNetworking.m in Sources */,
				4F380D8D1ABDC7E400F5AF89 /* NormalUserViewController.m in Sources */,
				0008553E1AB6BBA600E0C566 /* AFSecurityPolicy.m in Sources */,
				00A9A8BE1AC42F9D00D4A439 /* ConfigureBeaconViewController.m in Sources */,
				000855411AB6BBA600E0C566 /* AFURLResponseSerialization.m in Sources */,
				0008553A1AB6BBA600E0C566 /* AFHTTPRequestOperation.m in Sources */,
			);
			runOnlyForDeploymentPostprocessing = 0;
		};
		4F7F01C51AB3E9B700019BF3 /* Sources */ = {
			isa = PBXSourcesBuildPhase;
			buildActionMask = 2147483647;
			files = (
				4F7F01D01AB3E9B700019BF3 /* BeaconingTests.m in Sources */,
			);
			runOnlyForDeploymentPostprocessing = 0;
		};
/* End PBXSourcesBuildPhase section */

/* Begin PBXTargetDependency section */
		4F7F01CB1AB3E9B700019BF3 /* PBXTargetDependency */ = {
			isa = PBXTargetDependency;
			target = 4F7F01AF1AB3E9B700019BF3 /* Beaconing */;
			targetProxy = 4F7F01CA1AB3E9B700019BF3 /* PBXContainerItemProxy */;
		};
/* End PBXTargetDependency section */

/* Begin PBXVariantGroup section */
		4F7F01BD1AB3E9B700019BF3 /* Main.storyboard */ = {
			isa = PBXVariantGroup;
			children = (
				4F7F01BE1AB3E9B700019BF3 /* Base */,
			);
			name = Main.storyboard;
			sourceTree = "<group>";
		};
/* End PBXVariantGroup section */

/* Begin XCBuildConfiguration section */
		4F7F01D11AB3E9B700019BF3 /* Debug */ = {
			isa = XCBuildConfiguration;
			buildSettings = {
				ALWAYS_SEARCH_USER_PATHS = NO;
				CLANG_CXX_LANGUAGE_STANDARD = "gnu++0x";
				CLANG_CXX_LIBRARY = "libc++";
				CLANG_ENABLE_MODULES = YES;
				CLANG_ENABLE_OBJC_ARC = YES;
				CLANG_WARN_BOOL_CONVERSION = YES;
				CLANG_WARN_CONSTANT_CONVERSION = YES;
				CLANG_WARN_DIRECT_OBJC_ISA_USAGE = YES_ERROR;
				CLANG_WARN_EMPTY_BODY = YES;
				CLANG_WARN_ENUM_CONVERSION = YES;
				CLANG_WARN_INT_CONVERSION = YES;
				CLANG_WARN_OBJC_ROOT_CLASS = YES_ERROR;
				CLANG_WARN_UNREACHABLE_CODE = YES;
				CLANG_WARN__DUPLICATE_METHOD_MATCH = YES;
				CODE_SIGN_IDENTITY = "iPhone Developer: Vivekananda Vasipalli (47FNXB8M8H)";
				"CODE_SIGN_IDENTITY[sdk=iphoneos*]" = "iPhone Developer: Vivekananda Vasipalli (47FNXB8M8H)";
				COPY_PHASE_STRIP = NO;
				ENABLE_STRICT_OBJC_MSGSEND = YES;
				GCC_C_LANGUAGE_STANDARD = gnu99;
				GCC_DYNAMIC_NO_PIC = NO;
				GCC_OPTIMIZATION_LEVEL = 0;
				GCC_PREPROCESSOR_DEFINITIONS = (
					"DEBUG=1",
					"$(inherited)",
				);
				GCC_SYMBOLS_PRIVATE_EXTERN = NO;
				GCC_WARN_64_TO_32_BIT_CONVERSION = YES;
				GCC_WARN_ABOUT_RETURN_TYPE = YES_ERROR;
				GCC_WARN_UNDECLARED_SELECTOR = YES;
				GCC_WARN_UNINITIALIZED_AUTOS = YES_AGGRESSIVE;
				GCC_WARN_UNUSED_FUNCTION = YES;
				GCC_WARN_UNUSED_VARIABLE = YES;
				IPHONEOS_DEPLOYMENT_TARGET = 7.0;
				MTL_ENABLE_DEBUG_INFO = YES;
				ONLY_ACTIVE_ARCH = YES;
				PROVISIONING_PROFILE = "b4b9099b-bb9a-4e7a-be1a-88a816bda081";
				SDKROOT = iphoneos;
				TARGETED_DEVICE_FAMILY = "1,2";
			};
			name = Debug;
		};
		4F7F01D21AB3E9B700019BF3 /* Release */ = {
			isa = XCBuildConfiguration;
			buildSettings = {
				ALWAYS_SEARCH_USER_PATHS = NO;
				CLANG_CXX_LANGUAGE_STANDARD = "gnu++0x";
				CLANG_CXX_LIBRARY = "libc++";
				CLANG_ENABLE_MODULES = YES;
				CLANG_ENABLE_OBJC_ARC = YES;
				CLANG_WARN_BOOL_CONVERSION = YES;
				CLANG_WARN_CONSTANT_CONVERSION = YES;
				CLANG_WARN_DIRECT_OBJC_ISA_USAGE = YES_ERROR;
				CLANG_WARN_EMPTY_BODY = YES;
				CLANG_WARN_ENUM_CONVERSION = YES;
				CLANG_WARN_INT_CONVERSION = YES;
				CLANG_WARN_OBJC_ROOT_CLASS = YES_ERROR;
				CLANG_WARN_UNREACHABLE_CODE = YES;
				CLANG_WARN__DUPLICATE_METHOD_MATCH = YES;
				CODE_SIGN_IDENTITY = "iPhone Developer: Vivekananda Vasipalli (47FNXB8M8H)";
				"CODE_SIGN_IDENTITY[sdk=iphoneos*]" = "iPhone Developer: Vivekananda Vasipalli (47FNXB8M8H)";
				COPY_PHASE_STRIP = NO;
				ENABLE_NS_ASSERTIONS = NO;
				ENABLE_STRICT_OBJC_MSGSEND = YES;
				GCC_C_LANGUAGE_STANDARD = gnu99;
				GCC_WARN_64_TO_32_BIT_CONVERSION = YES;
				GCC_WARN_ABOUT_RETURN_TYPE = YES_ERROR;
				GCC_WARN_UNDECLARED_SELECTOR = YES;
				GCC_WARN_UNINITIALIZED_AUTOS = YES_AGGRESSIVE;
				GCC_WARN_UNUSED_FUNCTION = YES;
				GCC_WARN_UNUSED_VARIABLE = YES;
				IPHONEOS_DEPLOYMENT_TARGET = 7.0;
				MTL_ENABLE_DEBUG_INFO = NO;
				PROVISIONING_PROFILE = "b4b9099b-bb9a-4e7a-be1a-88a816bda081";
				SDKROOT = iphoneos;
				TARGETED_DEVICE_FAMILY = "1,2";
				VALIDATE_PRODUCT = YES;
			};
			name = Release;
		};
		4F7F01D41AB3E9B700019BF3 /* Debug */ = {
			isa = XCBuildConfiguration;
			buildSettings = {
				ASSETCATALOG_COMPILER_APPICON_NAME = AppIcon;
				ASSETCATALOG_COMPILER_LAUNCHIMAGE_NAME = LaunchImage;
				CODE_SIGN_IDENTITY = "iPhone Developer: Vivekananda Vasipalli (47FNXB8M8H)";
				INFOPLIST_FILE = Beaconing/Info.plist;
				IPHONEOS_DEPLOYMENT_TARGET = 7.0;
				LD_RUNPATH_SEARCH_PATHS = "$(inherited) @executable_path/Frameworks";
				PRODUCT_NAME = "$(TARGET_NAME)";
				PROVISIONING_PROFILE = "b4b9099b-bb9a-4e7a-be1a-88a816bda081";
			};
			name = Debug;
		};
		4F7F01D51AB3E9B700019BF3 /* Release */ = {
			isa = XCBuildConfiguration;
			buildSettings = {
				ASSETCATALOG_COMPILER_APPICON_NAME = AppIcon;
				ASSETCATALOG_COMPILER_LAUNCHIMAGE_NAME = LaunchImage;
				CODE_SIGN_IDENTITY = "iPhone Developer: Vivekananda Vasipalli (47FNXB8M8H)";
				INFOPLIST_FILE = Beaconing/Info.plist;
				IPHONEOS_DEPLOYMENT_TARGET = 7.0;
				LD_RUNPATH_SEARCH_PATHS = "$(inherited) @executable_path/Frameworks";
				PRODUCT_NAME = "$(TARGET_NAME)";
				PROVISIONING_PROFILE = "b4b9099b-bb9a-4e7a-be1a-88a816bda081";
			};
			name = Release;
		};
		4F7F01D71AB3E9B700019BF3 /* Debug */ = {
			isa = XCBuildConfiguration;
			buildSettings = {
				BUNDLE_LOADER = "$(TEST_HOST)";
				FRAMEWORK_SEARCH_PATHS = (
					"$(SDKROOT)/Developer/Library/Frameworks",
					"$(inherited)",
				);
				GCC_PREPROCESSOR_DEFINITIONS = (
					"DEBUG=1",
					"$(inherited)",
				);
				INFOPLIST_FILE = BeaconingTests/Info.plist;
				LD_RUNPATH_SEARCH_PATHS = "$(inherited) @executable_path/Frameworks @loader_path/Frameworks";
				PRODUCT_NAME = "$(TARGET_NAME)";
				TEST_HOST = "$(BUILT_PRODUCTS_DIR)/Beaconing.app/Beaconing";
			};
			name = Debug;
		};
		4F7F01D81AB3E9B700019BF3 /* Release */ = {
			isa = XCBuildConfiguration;
			buildSettings = {
				BUNDLE_LOADER = "$(TEST_HOST)";
				FRAMEWORK_SEARCH_PATHS = (
					"$(SDKROOT)/Developer/Library/Frameworks",
					"$(inherited)",
				);
				INFOPLIST_FILE = BeaconingTests/Info.plist;
				LD_RUNPATH_SEARCH_PATHS = "$(inherited) @executable_path/Frameworks @loader_path/Frameworks";
				PRODUCT_NAME = "$(TARGET_NAME)";
				TEST_HOST = "$(BUILT_PRODUCTS_DIR)/Beaconing.app/Beaconing";
			};
			name = Release;
		};
/* End XCBuildConfiguration section */

/* Begin XCConfigurationList section */
		4F7F01AB1AB3E9B700019BF3 /* Build configuration list for PBXProject "Beaconing" */ = {
			isa = XCConfigurationList;
			buildConfigurations = (
				4F7F01D11AB3E9B700019BF3 /* Debug */,
				4F7F01D21AB3E9B700019BF3 /* Release */,
			);
			defaultConfigurationIsVisible = 0;
			defaultConfigurationName = Release;
		};
		4F7F01D31AB3E9B700019BF3 /* Build configuration list for PBXNativeTarget "Beaconing" */ = {
			isa = XCConfigurationList;
			buildConfigurations = (
				4F7F01D41AB3E9B700019BF3 /* Debug */,
				4F7F01D51AB3E9B700019BF3 /* Release */,
			);
			defaultConfigurationIsVisible = 0;
			defaultConfigurationName = Release;
		};
		4F7F01D61AB3E9B700019BF3 /* Build configuration list for PBXNativeTarget "BeaconingTests" */ = {
			isa = XCConfigurationList;
			buildConfigurations = (
				4F7F01D71AB3E9B700019BF3 /* Debug */,
				4F7F01D81AB3E9B700019BF3 /* Release */,
			);
			defaultConfigurationIsVisible = 0;
			defaultConfigurationName = Release;
		};
/* End XCConfigurationList section */
	};
	rootObject = 4F7F01A81AB3E9B700019BF3 /* Project object */;
}
